
Microsoft Visual Studio Solution File, Format Version 12.00
# Visual Studio Version 16
VisualStudioVersion = 16.0.32428.217
MinimumVisualStudioVersion = 10.0.40219.1
Project("{FAE04EC0-301F-11D3-BF4B-00C04F79EFBC}") = "WebDigger", "WebDigger\WebDigger.csproj", "{FA9BA22A-F132-4885-A9C6-9274B4746736}"
EndProject
Global
	GlobalSection(SolutionConfigurationPlatforms) = preSolution
		Debug|Any CPU = Debug|Any CPU
		Release|Any CPU = Release|Any CPU
	EndGlobalSection
	GlobalSection(ProjectConfigurationPlatforms) = postSolution
		{FA9BA22A-F132-4885-A9C6-9274B4746736}.Debug|Any CPU.ActiveCfg = Debug|Any CPU
		{FA9BA22A-F132-4885-A9C6-9274B4746736}.Debug|Any CPU.Build.0 = Debug|Any CPU
		{FA9BA22A-F132-4885-A9C6-9274B4746736}.Release|Any CPU.ActiveCfg = Release|Any CPU
		{FA9BA22A-F132-4885-A9C6-9274B4746736}.Release|Any CPU.Build.0 = Release|Any CPU
	EndGlobalSection
	GlobalSection(SolutionProperties) = preSolution
		HideSolutionNode = FALSE
	EndGlobalSection
	GlobalSection(ExtensibilityGlobals) = postSolution
		SolutionGuid = {0DBB26D1-A625-43C1-8452-19ECA8CA88C4}
	EndGlobalSection
EndGlobal
